
Microsoft Visual Studio Solution File, Format Version 12.00
# Visual Studio Version 17
VisualStudioVersion = 17.13.35931.197 d17.13
MinimumVisualStudioVersion = 10.0.40219.1
Project("{2150E333-8FDC-42A3-9474-1A3956D46DE8}") = "Task0", "Task0", "{02EA681E-C7D8-13C7-8484-4AC65E1B71E8}"
EndProject
Project("{FAE04EC0-301F-11D3-BF4B-00C04F79EFBC}") = "Tyuiu.NazarovAA.Sprint4.Task0.V22", "Tyuiu.NazarovAA.Sprint4.Task0.V22\Tyuiu.NazarovAA.Sprint4.Task0.V22.csproj", "{064840D8-2FBF-4109-9A2E-D6C1F38D5DD4}"
EndProject
Project("{FAE04EC0-301F-11D3-BF4B-00C04F79EFBC}") = "Tyuiu.NazarovAA.Sprint4.Task0.V22.Test", "Tyuiu.NazarovAA.Sprint4.Task0.V22.Test\Tyuiu.NazarovAA.Sprint4.Task0.V22.Test.csproj", "{1995BCA6-C554-4B11-A804-6ECB71B14107}"
EndProject
Project("{FAE04EC0-301F-11D3-BF4B-00C04F79EFBC}") = "Tyuiu.NazarovAA.Sprint4.Task0.V22.Lib", "Tyuiu.NazarovAA.Sprint4.Task0.V22.Lib\Tyuiu.NazarovAA.Sprint4.Task0.V22.Lib.csproj", "{D6B4E157-2857-4DB7-8615-11A0123A554C}"
EndProject
Project("{2150E333-8FDC-42A3-9474-1A3956D46DE8}") = "Task1", "Task1", "{F33D68AE-2651-4204-AD22-B06311C5D917}"
EndProject
Project("{FAE04EC0-301F-11D3-BF4B-00C04F79EFBC}") = "Tyuiu.NazarovAA.Sprint4.Task1.V21", "Tyuiu.NazarovAA.Sprint4.Task1.V21\Tyuiu.NazarovAA.Sprint4.Task1.V21.csproj", "{26623B5F-E3D4-4193-B468-DE099AC7E4DB}"
EndProject
Project("{FAE04EC0-301F-11D3-BF4B-00C04F79EFBC}") = "Tyuiu.NazarovAA.Sprint4.Task1.V21.Lib", "Tyuiu.NazarovAA.Sprint4.Task1.V21.Lib\Tyuiu.NazarovAA.Sprint4.Task1.V21.Lib.csproj", "{87ED730B-8A0F-4E77-AC96-8DEB0FDE8EBF}"
EndProject
Project("{FAE04EC0-301F-11D3-BF4B-00C04F79EFBC}") = "Tyuiu.NazarovAA.Sprint4.Task1.V21.Test", "Tyuiu.NazarovAA.Sprint4.Task1.V21.Test\Tyuiu.NazarovAA.Sprint4.Task1.V21.Test.csproj", "{0BBC67F4-CE59-4D22-A75D-E2A5FFB0A25C}"
EndProject
Project("{2150E333-8FDC-42A3-9474-1A3956D46DE8}") = "Task2", "Task2", "{B4C3B9E9-1E46-4381-B869-E576AF47D9F2}"
EndProject
Project("{FAE04EC0-301F-11D3-BF4B-00C04F79EFBC}") = "Tyuiu.NazarovAA.Sprint4.Task2.V13", "Tyuiu.NazarovAA.Sprint4.Task2.V13\Tyuiu.NazarovAA.Sprint4.Task2.V13.csproj", "{538FF6F0-1CD2-41EB-93DC-A7A5723406E3}"
EndProject
Project("{FAE04EC0-301F-11D3-BF4B-00C04F79EFBC}") = "Tyuiu.NazarovAA.Sprint4.Task2.V13.Lib", "Tyuiu.NazarovAA.Sprint4.Task2.V13.Lib\Tyuiu.NazarovAA.Sprint4.Task2.V13.Lib.csproj", "{DAFA32B8-9B2B-45B1-AB76-EBE6061CDDA0}"
EndProject
Project("{FAE04EC0-301F-11D3-BF4B-00C04F79EFBC}") = "Tyuiu.NazarovAA.Sprint4.Task2.V13.Test", "Tyuiu.NazarovAA.Sprint4.Task2.V13.Test\Tyuiu.NazarovAA.Sprint4.Task2.V13.Test.csproj", "{AB3B9621-F198-4821-B5A4-BAB031E5C627}"
EndProject
Global
	GlobalSection(SolutionConfigurationPlatforms) = preSolution
		Debug|Any CPU = Debug|Any CPU
		Release|Any CPU = Release|Any CPU
	EndGlobalSection
	GlobalSection(ProjectConfigurationPlatforms) = postSolution
		{064840D8-2FBF-4109-9A2E-D6C1F38D5DD4}.Debug|Any CPU.ActiveCfg = Debug|Any CPU
		{064840D8-2FBF-4109-9A2E-D6C1F38D5DD4}.Debug|Any CPU.Build.0 = Debug|Any CPU
		{064840D8-2FBF-4109-9A2E-D6C1F38D5DD4}.Release|Any CPU.ActiveCfg = Release|Any CPU
		{064840D8-2FBF-4109-9A2E-D6C1F38D5DD4}.Release|Any CPU.Build.0 = Release|Any CPU
		{1995BCA6-C554-4B11-A804-6ECB71B14107}.Debug|Any CPU.ActiveCfg = Debug|Any CPU
		{1995BCA6-C554-4B11-A804-6ECB71B14107}.Debug|Any CPU.Build.0 = Debug|Any CPU
		{1995BCA6-C554-4B11-A804-6ECB71B14107}.Release|Any CPU.ActiveCfg = Release|Any CPU
		{1995BCA6-C554-4B11-A804-6ECB71B14107}.Release|Any CPU.Build.0 = Release|Any CPU
		{D6B4E157-2857-4DB7-8615-11A0123A554C}.Debug|Any CPU.ActiveCfg = Debug|Any CPU
		{D6B4E157-2857-4DB7-8615-11A0123A554C}.Debug|Any CPU.Build.0 = Debug|Any CPU
		{D6B4E157-2857-4DB7-8615-11A0123A554C}.Release|Any CPU.ActiveCfg = Release|Any CPU
		{D6B4E157-2857-4DB7-8615-11A0123A554C}.Release|Any CPU.Build.0 = Release|Any CPU
		{26623B5F-E3D4-4193-B468-DE099AC7E4DB}.Debug|Any CPU.ActiveCfg = Debug|Any CPU
		{26623B5F-E3D4-4193-B468-DE099AC7E4DB}.Debug|Any CPU.Build.0 = Debug|Any CPU
		{26623B5F-E3D4-4193-B468-DE099AC7E4DB}.Release|Any CPU.ActiveCfg = Release|Any CPU
		{26623B5F-E3D4-4193-B468-DE099AC7E4DB}.Release|Any CPU.Build.0 = Release|Any CPU
		{87ED730B-8A0F-4E77-AC96-8DEB0FDE8EBF}.Debug|Any CPU.ActiveCfg = Debug|Any CPU
		{87ED730B-8A0F-4E77-AC96-8DEB0FDE8EBF}.Debug|Any CPU.Build.0 = Debug|Any CPU
		{87ED730B-8A0F-4E77-AC96-8DEB0FDE8EBF}.Release|Any CPU.ActiveCfg = Release|Any CPU
		{87ED730B-8A0F-4E77-AC96-8DEB0FDE8EBF}.Release|Any CPU.Build.0 = Release|Any CPU
		{0BBC67F4-CE59-4D22-A75D-E2A5FFB0A25C}.Debug|Any CPU.ActiveCfg = Debug|Any CPU
		{0BBC67F4-CE59-4D22-A75D-E2A5FFB0A25C}.Debug|Any CPU.Build.0 = Debug|Any CPU
		{0BBC67F4-CE59-4D22-A75D-E2A5FFB0A25C}.Release|Any CPU.ActiveCfg = Release|Any CPU
		{0BBC67F4-CE59-4D22-A75D-E2A5FFB0A25C}.Release|Any CPU.Build.0 = Release|Any CPU
		{538FF6F0-1CD2-41EB-93DC-A7A5723406E3}.Debug|Any CPU.ActiveCfg = Debug|Any CPU
		{538FF6F0-1CD2-41EB-93DC-A7A5723406E3}.Debug|Any CPU.Build.0 = Debug|Any CPU
		{538FF6F0-1CD2-41EB-93DC-A7A5723406E3}.Release|Any CPU.ActiveCfg = Release|Any CPU
		{538FF6F0-1CD2-41EB-93DC-A7A5723406E3}.Release|Any CPU.Build.0 = Release|Any CPU
		{DAFA32B8-9B2B-45B1-AB76-EBE6061CDDA0}.Debug|Any CPU.ActiveCfg = Debug|Any CPU
		{DAFA32B8-9B2B-45B1-AB76-EBE6061CDDA0}.Debug|Any CPU.Build.0 = Debug|Any CPU
		{DAFA32B8-9B2B-45B1-AB76-EBE6061CDDA0}.Release|Any CPU.ActiveCfg = Release|Any CPU
		{DAFA32B8-9B2B-45B1-AB76-EBE6061CDDA0}.Release|Any CPU.Build.0 = Release|Any CPU
		{AB3B9621-F198-4821-B5A4-BAB031E5C627}.Debug|Any CPU.ActiveCfg = Debug|Any CPU
		{AB3B9621-F198-4821-B5A4-BAB031E5C627}.Debug|Any CPU.Build.0 = Debug|Any CPU
		{AB3B9621-F198-4821-B5A4-BAB031E5C627}.Release|Any CPU.ActiveCfg = Release|Any CPU
		{AB3B9621-F198-4821-B5A4-BAB031E5C627}.Release|Any CPU.Build.0 = Release|Any CPU
	EndGlobalSection
	GlobalSection(SolutionProperties) = preSolution
		HideSolutionNode = FALSE
	EndGlobalSection
	GlobalSection(NestedProjects) = preSolution
		{064840D8-2FBF-4109-9A2E-D6C1F38D5DD4} = {02EA681E-C7D8-13C7-8484-4AC65E1B71E8}
		{1995BCA6-C554-4B11-A804-6ECB71B14107} = {02EA681E-C7D8-13C7-8484-4AC65E1B71E8}
		{D6B4E157-2857-4DB7-8615-11A0123A554C} = {02EA681E-C7D8-13C7-8484-4AC65E1B71E8}
		{26623B5F-E3D4-4193-B468-DE099AC7E4DB} = {F33D68AE-2651-4204-AD22-B06311C5D917}
		{87ED730B-8A0F-4E77-AC96-8DEB0FDE8EBF} = {F33D68AE-2651-4204-AD22-B06311C5D917}
		{0BBC67F4-CE59-4D22-A75D-E2A5FFB0A25C} = {F33D68AE-2651-4204-AD22-B06311C5D917}
		{538FF6F0-1CD2-41EB-93DC-A7A5723406E3} = {B4C3B9E9-1E46-4381-B869-E576AF47D9F2}
		{DAFA32B8-9B2B-45B1-AB76-EBE6061CDDA0} = {B4C3B9E9-1E46-4381-B869-E576AF47D9F2}
		{AB3B9621-F198-4821-B5A4-BAB031E5C627} = {B4C3B9E9-1E46-4381-B869-E576AF47D9F2}
	EndGlobalSection
	GlobalSection(ExtensibilityGlobals) = postSolution
		SolutionGuid = {9FB75A8C-3F81-4B77-8C4C-08DF9741C8E3}
	EndGlobalSection
EndGlobal
